// !$*UTF8*$!
{
	archiveVersion = 1;
	classes = {
	};
	objectVersion = 77;
	objects = {

/* Begin PBXContainerItemProxy section */
		465BF94A2C7B9A90000BBCA1 /* PBXContainerItemProxy */ = {
			isa = PBXContainerItemProxy;
			containerPortal = 465BF9312C7B9A8E000BBCA1 /* Project object */;
			proxyType = 1;
			remoteGlobalIDString = 465BF9382C7B9A8E000BBCA1;
			remoteInfo = "Light Star";
		};
		465BF9542C7B9A90000BBCA1 /* PBXContainerItemProxy */ = {
			isa = PBXContainerItemProxy;
			containerPortal = 465BF9312C7B9A8E000BBCA1 /* Project object */;
			proxyType = 1;
			remoteGlobalIDString = 465BF9382C7B9A8E000BBCA1;
			remoteInfo = "Light Star";
		};
/* End PBXContainerItemProxy section */

/* Begin PBXFileReference section */
		465BF9392C7B9A8E000BBCA1 /* Light Star.app */ = {isa = PBXFileReference; explicitFileType = wrapper.application; includeInIndex = 0; path = "Light Star.app"; sourceTree = BUILT_PRODUCTS_DIR; };
		465BF9492C7B9A90000BBCA1 /* Light StarTests.xctest */ = {isa = PBXFileReference; explicitFileType = wrapper.cfbundle; includeInIndex = 0; path = "Light StarTests.xctest"; sourceTree = BUILT_PRODUCTS_DIR; };
		465BF9532C7B9A90000BBCA1 /* Light StarUITests.xctest */ = {isa = PBXFileReference; explicitFileType = wrapper.cfbundle; includeInIndex = 0; path = "Light StarUITests.xctest"; sourceTree = BUILT_PRODUCTS_DIR; };
/* End PBXFileReference section */

/* Begin PBXFileSystemSynchronizedRootGroup section */
		465BF93B2C7B9A8E000BBCA1 /* Light Star */ = {
			isa = PBXFileSystemSynchronizedRootGroup;
			path = "Light Star";
			sourceTree = "<group>";
		};
		465BF94C2C7B9A90000BBCA1 /* Light StarTests */ = {
			isa = PBXFileSystemSynchronizedRootGroup;
			path = "Light StarTests";
			sourceTree = "<group>";
		};
		465BF9562C7B9A90000BBCA1 /* Light StarUITests */ = {
			isa = PBXFileSystemSynchronizedRootGroup;
			path = "Light StarUITests";
			sourceTree = "<group>";
		};
/* End PBXFileSystemSynchronizedRootGroup section */

/* Begin PBXFrameworksBuildPhase section */
		465BF9362C7B9A8E000BBCA1 /* Frameworks */ = {
			isa = PBXFrameworksBuildPhase;
			buildActionMask = 2147483647;
			files = (
			);
			runOnlyForDeploymentPostprocessing = 0;
		};
		465BF9462C7B9A90000BBCA1 /* Frameworks */ = {
			isa = PBXFrameworksBuildPhase;
			buildActionMask = 2147483647;
			files = (
			);
			runOnlyForDeploymentPostprocessing = 0;
		};
		465BF9502C7B9A90000BBCA1 /* Frameworks */ = {
			isa = PBXFrameworksBuildPhase;
			buildActionMask = 2147483647;
			files = (
			);
			runOnlyForDeploymentPostprocessing = 0;
		};
/* End PBXFrameworksBuildPhase section */

/* Begin PBXGroup section */
		465BF9302C7B9A8E000BBCA1 = {
			isa = PBXGroup;
			children = (
				465BF93B2C7B9A8E000BBCA1 /* Light Star */,
				465BF94C2C7B9A90000BBCA1 /* Light StarTests */,
				465BF9562C7B9A90000BBCA1 /* Light StarUITests */,
				465BF93A2C7B9A8E000BBCA1 /* Products */,
			);
			sourceTree = "<group>";
		};
		465BF93A2C7B9A8E000BBCA1 /* Products */ = {
			isa = PBXGroup;
			children = (
				465BF9392C7B9A8E000BBCA1 /* Light Star.app */,
				465BF9492C7B9A90000BBCA1 /* Light StarTests.xctest */,
				465BF9532C7B9A90000BBCA1 /* Light StarUITests.xctest */,
			);
			name = Products;
			sourceTree = "<group>";
		};
/* End PBXGroup section */

/* Begin PBXNativeTarget section */
		465BF9382C7B9A8E000BBCA1 /* Light Star */ = {
			isa = PBXNativeTarget;
			buildConfigurationList = 465BF95D2C7B9A90000BBCA1 /* Build configuration list for PBXNativeTarget "Light Star" */;
			buildPhases = (
				465BF9352C7B9A8E000BBCA1 /* Sources */,
				465BF9362C7B9A8E000BBCA1 /* Frameworks */,
				465BF9372C7B9A8E000BBCA1 /* Resources */,
			);
			buildRules = (
			);
			dependencies = (
			);
			fileSystemSynchronizedGroups = (
				465BF93B2C7B9A8E000BBCA1 /* Light Star */,
			);
			name = "Light Star";
			packageProductDependencies = (
			);
			productName = "Light Star";
			productReference = 465BF9392C7B9A8E000BBCA1 /* Light Star.app */;
			productType = "com.apple.product-type.application";
		};
		465BF9482C7B9A90000BBCA1 /* Light StarTests */ = {
			isa = PBXNativeTarget;
			buildConfigurationList = 465BF9602C7B9A90000BBCA1 /* Build configuration list for PBXNativeTarget "Light StarTests" */;
			buildPhases = (
				465BF9452C7B9A90000BBCA1 /* Sources */,
				465BF9462C7B9A90000BBCA1 /* Frameworks */,
				465BF9472C7B9A90000BBCA1 /* Resources */,
			);
			buildRules = (
			);
			dependencies = (
				465BF94B2C7B9A90000BBCA1 /* PBXTargetDependency */,
			);
			fileSystemSynchronizedGroups = (
				465BF94C2C7B9A90000BBCA1 /* Light StarTests */,
			);
			name = "Light StarTests";
			packageProductDependencies = (
			);
			productName = "Light StarTests";
			productReference = 465BF9492C7B9A90000BBCA1 /* Light StarTests.xctest */;
			productType = "com.apple.product-type.bundle.unit-test";
		};
		465BF9522C7B9A90000BBCA1 /* Light StarUITests */ = {
			isa = PBXNativeTarget;
			buildConfigurationList = 465BF9632C7B9A90000BBCA1 /* Build configuration list for PBXNativeTarget "Light StarUITests" */;
			buildPhases = (
				465BF94F2C7B9A90000BBCA1 /* Sources */,
				465BF9502C7B9A90000BBCA1 /* Frameworks */,
				465BF9512C7B9A90000BBCA1 /* Resources */,
			);
			buildRules = (
			);
			dependencies = (
				465BF9552C7B9A90000BBCA1 /* PBXTargetDependency */,
			);
			fileSystemSynchronizedGroups = (
				465BF9562C7B9A90000BBCA1 /* Light StarUITests */,
			);
			name = "Light StarUITests";
			packageProductDependencies = (
			);
			productName = "Light StarUITests";
			productReference = 465BF9532C7B9A90000BBCA1 /* Light StarUITests.xctest */;
			productType = "com.apple.product-type.bundle.ui-testing";
		};
/* End PBXNativeTarget section */

/* Begin PBXProject section */
		465BF9312C7B9A8E000BBCA1 /* Project object */ = {
			isa = PBXProject;
			attributes = {
				BuildIndependentTargetsInParallel = 1;
				LastSwiftUpdateCheck = 1610;
				LastUpgradeCheck = 1610;
				TargetAttributes = {
					465BF9382C7B9A8E000BBCA1 = {
						CreatedOnToolsVersion = 16.1;
					};
					465BF9482C7B9A90000BBCA1 = {
						CreatedOnToolsVersion = 16.1;
						TestTargetID = 465BF9382C7B9A8E000BBCA1;
					};
					465BF9522C7B9A90000BBCA1 = {
						CreatedOnToolsVersion = 16.1;
						TestTargetID = 465BF9382C7B9A8E000BBCA1;
					};
				};
			};
			buildConfigurationList = 465BF9342C7B9A8E000BBCA1 /* Build configuration list for PBXProject "Light Star" */;
			developmentRegion = en;
			hasScannedForEncodings = 0;
			knownRegions = (
				en,
				Base,
			);
			mainGroup = 465BF9302C7B9A8E000BBCA1;
			minimizedProjectReferenceProxies = 1;
			preferredProjectObjectVersion = 77;
			productRefGroup = 465BF93A2C7B9A8E000BBCA1 /* Products */;
			projectDirPath = "";
			projectRoot = "";
			targets = (
				465BF9382C7B9A8E000BBCA1 /* Light Star */,
				465BF9482C7B9A90000BBCA1 /* Light StarTests */,
				465BF9522C7B9A90000BBCA1 /* Light StarUITests */,
			);
		};
/* End PBXProject section */

/* Begin PBXResourcesBuildPhase section */
		465BF9372C7B9A8E000BBCA1 /* Resources */ = {
			isa = PBXResourcesBuildPhase;
			buildActionMask = 2147483647;
			files = (
			);
			runOnlyForDeploymentPostprocessing = 0;
		};
		465BF9472C7B9A90000BBCA1 /* Resources */ = {
			isa = PBXResourcesBuildPhase;
			buildActionMask = 2147483647;
			files = (
			);
			runOnlyForDeploymentPostprocessing = 0;
		};
		465BF9512C7B9A90000BBCA1 /* Resources */ = {
			isa = PBXResourcesBuildPhase;
			buildActionMask = 2147483647;
			files = (
			);
			runOnlyForDeploymentPostprocessing = 0;
		};
/* End PBXResourcesBuildPhase section */

/* Begin PBXSourcesBuildPhase section */
		465BF9352C7B9A8E000BBCA1 /* Sources */ = {
			isa = PBXSourcesBuildPhase;
			buildActionMask = 2147483647;
			files = (
			);
			runOnlyForDeploymentPostprocessing = 0;
		};
		465BF9452C7B9A90000BBCA1 /* Sources */ = {
			isa = PBXSourcesBuildPhase;
			buildActionMask = 2147483647;
			files = (
			);
			runOnlyForDeploymentPostprocessing = 0;
		};
		465BF94F2C7B9A90000BBCA1 /* Sources */ = {
			isa = PBXSourcesBuildPhase;
			buildActionMask = 2147483647;
			files = (
			);
			runOnlyForDeploymentPostprocessing = 0;
		};
/* End PBXSourcesBuildPhase section */

/* Begin PBXTargetDependency section */
		465BF94B2C7B9A90000BBCA1 /* PBXTargetDependency */ = {
			isa = PBXTargetDependency;
			target = 465BF9382C7B9A8E000BBCA1 /* Light Star */;
			targetProxy = 465BF94A2C7B9A90000BBCA1 /* PBXContainerItemProxy */;
		};
		465BF9552C7B9A90000BBCA1 /* PBXTargetDependency */ = {
			isa = PBXTargetDependency;
			target = 465BF9382C7B9A8E000BBCA1 /* Light Star */;
			targetProxy = 465BF9542C7B9A90000BBCA1 /* PBXContainerItemProxy */;
		};
/* End PBXTargetDependency section */

/* Begin XCBuildConfiguration section */
		465BF95B2C7B9A90000BBCA1 /* Debug */ = {
			isa = XCBuildConfiguration;
			buildSettings = {
				ALWAYS_SEARCH_USER_PATHS = NO;
				ASSETCATALOG_COMPILER_GENERATE_SWIFT_ASSET_SYMBOL_EXTENSIONS = YES;
				CLANG_ANALYZER_NONNULL = YES;
				CLANG_ANALYZER_NUMBER_OBJECT_CONVERSION = YES_AGGRESSIVE;
				CLANG_CXX_LANGUAGE_STANDARD = "gnu++20";
				CLANG_ENABLE_MODULES = YES;
				CLANG_ENABLE_OBJC_ARC = YES;
				CLANG_ENABLE_OBJC_WEAK = YES;
				CLANG_WARN_BLOCK_CAPTURE_AUTORELEASING = YES;
				CLANG_WARN_BOOL_CONVERSION = YES;
				CLANG_WARN_COMMA = YES;
				CLANG_WARN_CONSTANT_CONVERSION = YES;
				CLANG_WARN_DEPRECATED_OBJC_IMPLEMENTATIONS = YES;
				CLANG_WARN_DIRECT_OBJC_ISA_USAGE = YES_ERROR;
				CLANG_WARN_DOCUMENTATION_COMMENTS = YES;
				CLANG_WARN_EMPTY_BODY = YES;
				CLANG_WARN_ENUM_CONVERSION = YES;
				CLANG_WARN_INFINITE_RECURSION = YES;
				CLANG_WARN_INT_CONVERSION = YES;
				CLANG_WARN_NON_LITERAL_NULL_CONVERSION = YES;
				CLANG_WARN_OBJC_IMPLICIT_RETAIN_SELF = YES;
				CLANG_WARN_OBJC_LITERAL_CONVERSION = YES;
				CLANG_WARN_OBJC_ROOT_CLASS = YES_ERROR;
				CLANG_WARN_QUOTED_INCLUDE_IN_FRAMEWORK_HEADER = YES;
				CLANG_WARN_RANGE_LOOP_ANALYSIS = YES;
				CLANG_WARN_STRICT_PROTOTYPES = YES;
				CLANG_WARN_SUSPICIOUS_MOVE = YES;
				CLANG_WARN_UNGUARDED_AVAILABILITY = YES_AGGRESSIVE;
				CLANG_WARN_UNREACHABLE_CODE = YES;
				CLANG_WARN__DUPLICATE_METHOD_MATCH = YES;
				COPY_PHASE_STRIP = NO;
				DEBUG_INFORMATION_FORMAT = dwarf;
				ENABLE_STRICT_OBJC_MSGSEND = YES;
				ENABLE_TESTABILITY = YES;
				ENABLE_USER_SCRIPT_SANDBOXING = YES;
				GCC_C_LANGUAGE_STANDARD = gnu17;
				GCC_DYNAMIC_NO_PIC = NO;
				GCC_NO_COMMON_BLOCKS = YES;
				GCC_OPTIMIZATION_LEVEL = 0;
				GCC_PREPROCESSOR_DEFINITIONS = (
					"DEBUG=1",
					"$(inherited)",
				);
				GCC_WARN_64_TO_32_BIT_CONVERSION = YES;
				GCC_WARN_ABOUT_RETURN_TYPE = YES_ERROR;
				GCC_WARN_UNDECLARED_SELECTOR = YES;
				GCC_WARN_UNINITIALIZED_AUTOS = YES_AGGRESSIVE;
				GCC_WARN_UNUSED_FUNCTION = YES;
				GCC_WARN_UNUSED_VARIABLE = YES;
				IPHONEOS_DEPLOYMENT_TARGET = 18.1;
				LOCALIZATION_PREFERS_STRING_CATALOGS = YES;
				MTL_ENABLE_DEBUG_INFO = INCLUDE_SOURCE;
				MTL_FAST_MATH = YES;
				ONLY_ACTIVE_ARCH = YES;
				SDKROOT = iphoneos;
				SWIFT_ACTIVE_COMPILATION_CONDITIONS = "DEBUG $(inherited)";
				SWIFT_OPTIMIZATION_LEVEL = "-Onone";
			};
			name = Debug;
		};
		465BF95C2C7B9A90000BBCA1 /* Release */ = {
			isa = XCBuildConfiguration;
			buildSettings = {
				ALWAYS_SEARCH_USER_PATHS = NO;
				ASSETCATALOG_COMPILER_GENERATE_SWIFT_ASSET_SYMBOL_EXTENSIONS = YES;
				CLANG_ANALYZER_NONNULL = YES;
				CLANG_ANALYZER_NUMBER_OBJECT_CONVERSION = YES_AGGRESSIVE;
				CLANG_CXX_LANGUAGE_STANDARD = "gnu++20";
				CLANG_ENABLE_MODULES = YES;
				CLANG_ENABLE_OBJC_ARC = YES;
				CLANG_ENABLE_OBJC_WEAK = YES;
				CLANG_WARN_BLOCK_CAPTURE_AUTORELEASING = YES;
				CLANG_WARN_BOOL_CONVERSION = YES;
				CLANG_WARN_COMMA = YES;
				CLANG_WARN_CONSTANT_CONVERSION = YES;
				CLANG_WARN_DEPRECATED_OBJC_IMPLEMENTATIONS = YES;
				CLANG_WARN_DIRECT_OBJC_ISA_USAGE = YES_ERROR;
				CLANG_WARN_DOCUMENTATION_COMMENTS = YES;
				CLANG_WARN_EMPTY_BODY = YES;
				CLANG_WARN_ENUM_CONVERSION = YES;
				CLANG_WARN_INFINITE_RECURSION = YES;
				CLANG_WARN_INT_CONVERSION = YES;
				CLANG_WARN_NON_LITERAL_NULL_CONVERSION = YES;
				CLANG_WARN_OBJC_IMPLICIT_RETAIN_SELF = YES;
				CLANG_WARN_OBJC_LITERAL_CONVERSION = YES;
				CLANG_WARN_OBJC_ROOT_CLASS = YES_ERROR;
				CLANG_WARN_QUOTED_INCLUDE_IN_FRAMEWORK_HEADER = YES;
				CLANG_WARN_RANGE_LOOP_ANALYSIS = YES;
				CLANG_WARN_STRICT_PROTOTYPES = YES;
				CLANG_WARN_SUSPICIOUS_MOVE = YES;
				CLANG_WARN_UNGUARDED_AVAILABILITY = YES_AGGRESSIVE;
				CLANG_WARN_UNREACHABLE_CODE = YES;
				CLANG_WARN__DUPLICATE_METHOD_MATCH = YES;
				COPY_PHASE_STRIP = NO;
				DEBUG_INFORMATION_FORMAT = "dwarf-with-dsym";
				ENABLE_NS_ASSERTIONS = NO;
				ENABLE_STRICT_OBJC_MSGSEND = YES;
				ENABLE_USER_SCRIPT_SANDBOXING = YES;
				GCC_C_LANGUAGE_STANDARD = gnu17;
				GCC_NO_COMMON_BLOCKS = YES;
				GCC_WARN_64_TO_32_BIT_CONVERSION = YES;
				GCC_WARN_ABOUT_RETURN_TYPE = YES_ERROR;
				GCC_WARN_UNDECLARED_SELECTOR = YES;
				GCC_WARN_UNINITIALIZED_AUTOS = YES_AGGRESSIVE;
				GCC_WARN_UNUSED_FUNCTION = YES;
				GCC_WARN_UNUSED_VARIABLE = YES;
				IPHONEOS_DEPLOYMENT_TARGET = 18.1;
				LOCALIZATION_PREFERS_STRING_CATALOGS = YES;
				MTL_ENABLE_DEBUG_INFO = NO;
				MTL_FAST_MATH = YES;
				SDKROOT = iphoneos;
				SWIFT_COMPILATION_MODE = wholemodule;
				VALIDATE_PRODUCT = YES;
			};
			name = Release;
		};
		465BF95E2C7B9A90000BBCA1 /* Debug */ = {
			isa = XCBuildConfiguration;
			buildSettings = {
				ASSETCATALOG_COMPILER_APPICON_NAME = AppIcon;
				ASSETCATALOG_COMPILER_GLOBAL_ACCENT_COLOR_NAME = AccentColor;
				CODE_SIGN_STYLE = Automatic;
				CURRENT_PROJECT_VERSION = 1;
				DEVELOPMENT_ASSET_PATHS = "\"Light Star/Preview Content\"";
				DEVELOPMENT_TEAM = 4UZK2DCNHA;
				ENABLE_PREVIEWS = YES;
				GENERATE_INFOPLIST_FILE = YES;
				INFOPLIST_KEY_UIApplicationSceneManifest_Generation = YES;
				INFOPLIST_KEY_UIApplicationSupportsIndirectInputEvents = YES;
				INFOPLIST_KEY_UILaunchScreen_Generation = YES;
				INFOPLIST_KEY_UISupportedInterfaceOrientations_iPad = "UIInterfaceOrientationPortrait UIInterfaceOrientationPortraitUpsideDown UIInterfaceOrientationLandscapeLeft UIInterfaceOrientationLandscapeRight";
				INFOPLIST_KEY_UISupportedInterfaceOrientations_iPhone = "UIInterfaceOrientationPortrait UIInterfaceOrientationLandscapeLeft UIInterfaceOrientationLandscapeRight";
				LD_RUNPATH_SEARCH_PATHS = (
					"$(inherited)",
					"@executable_path/Frameworks",
				);
				MARKETING_VERSION = 1.0;
				PRODUCT_BUNDLE_IDENTIFIER = "OCloudLabs.Light-Star";
				PRODUCT_NAME = "$(TARGET_NAME)";
				SWIFT_EMIT_LOC_STRINGS = YES;
				SWIFT_VERSION = 5.0;
				TARGETED_DEVICE_FAMILY = "1,2";
			};
			name = Debug;
		};
		465BF95F2C7B9A90000BBCA1 /* Release */ = {
			isa = XCBuildConfiguration;
			buildSettings = {
				ASSETCATALOG_COMPILER_APPICON_NAME = AppIcon;
				ASSETCATALOG_COMPILER_GLOBAL_ACCENT_COLOR_NAME = AccentColor;
				CODE_SIGN_STYLE = Automatic;
				CURRENT_PROJECT_VERSION = 1;
				DEVELOPMENT_ASSET_PATHS = "\"Light Star/Preview Content\"";
				DEVELOPMENT_TEAM = 4UZK2DCNHA;
				ENABLE_PREVIEWS = YES;
				GENERATE_INFOPLIST_FILE = YES;
				INFOPLIST_KEY_UIApplicationSceneManifest_Generation = YES;
				INFOPLIST_KEY_UIApplicationSupportsIndirectInputEvents = YES;
				INFOPLIST_KEY_UILaunchScreen_Generation = YES;
				INFOPLIST_KEY_UISupportedInterfaceOrientations_iPad = "UIInterfaceOrientationPortrait UIInterfaceOrientationPortraitUpsideDown UIInterfaceOrientationLandscapeLeft UIInterfaceOrientationLandscapeRight";
				INFOPLIST_KEY_UISupportedInterfaceOrientations_iPhone = "UIInterfaceOrientationPortrait UIInterfaceOrientationLandscapeLeft UIInterfaceOrientationLandscapeRight";
				LD_RUNPATH_SEARCH_PATHS = (
					"$(inherited)",
					"@executable_path/Frameworks",
				);
				MARKETING_VERSION = 1.0;
				PRODUCT_BUNDLE_IDENTIFIER = "OCloudLabs.Light-Star";
				PRODUCT_NAME = "$(TARGET_NAME)";
				SWIFT_EMIT_LOC_STRINGS = YES;
				SWIFT_VERSION = 5.0;
				TARGETED_DEVICE_FAMILY = "1,2";
			};
			name = Release;
		};
		465BF9612C7B9A90000BBCA1 /* Debug */ = {
			isa = XCBuildConfiguration;
			buildSettings = {
				BUNDLE_LOADER = "$(TEST_HOST)";
				CODE_SIGN_STYLE = Automatic;
				CURRENT_PROJECT_VERSION = 1;
				DEVELOPMENT_TEAM = 4UZK2DCNHA;
				GENERATE_INFOPLIST_FILE = YES;
				IPHONEOS_DEPLOYMENT_TARGET = 18.1;
				MARKETING_VERSION = 1.0;
				PRODUCT_BUNDLE_IDENTIFIER = "OCloudLabs.Light-StarTests";
				PRODUCT_NAME = "$(TARGET_NAME)";
				SWIFT_EMIT_LOC_STRINGS = NO;
				SWIFT_VERSION = 5.0;
				TARGETED_DEVICE_FAMILY = "1,2";
				TEST_HOST = "$(BUILT_PRODUCTS_DIR)/Light Star.app/$(BUNDLE_EXECUTABLE_FOLDER_PATH)/Light Star";
			};
			name = Debug;
		};
		465BF9622C7B9A90000BBCA1 /* Release */ = {
			isa = XCBuildConfiguration;
			buildSettings = {
				BUNDLE_LOADER = "$(TEST_HOST)";
				CODE_SIGN_STYLE = Automatic;
				CURRENT_PROJECT_VERSION = 1;
				DEVELOPMENT_TEAM = 4UZK2DCNHA;
				GENERATE_INFOPLIST_FILE = YES;
				IPHONEOS_DEPLOYMENT_TARGET = 18.1;
				MARKETING_VERSION = 1.0;
				PRODUCT_BUNDLE_IDENTIFIER = "OCloudLabs.Light-StarTests";
				PRODUCT_NAME = "$(TARGET_NAME)";
				SWIFT_EMIT_LOC_STRINGS = NO;
				SWIFT_VERSION = 5.0;
				TARGETED_DEVICE_FAMILY = "1,2";
				TEST_HOST = "$(BUILT_PRODUCTS_DIR)/Light Star.app/$(BUNDLE_EXECUTABLE_FOLDER_PATH)/Light Star";
			};
			name = Release;
		};
		465BF9642C7B9A90000BBCA1 /* Debug */ = {
			isa = XCBuildConfiguration;
			buildSettings = {
				CODE_SIGN_STYLE = Automatic;
				CURRENT_PROJECT_VERSION = 1;
				DEVELOPMENT_TEAM = 4UZK2DCNHA;
				GENERATE_INFOPLIST_FILE = YES;
				MARKETING_VERSION = 1.0;
				PRODUCT_BUNDLE_IDENTIFIER = "OCloudLabs.Light-StarUITests";
				PRODUCT_NAME = "$(TARGET_NAME)";
				SWIFT_EMIT_LOC_STRINGS = NO;
				SWIFT_VERSION = 5.0;
				TARGETED_DEVICE_FAMILY = "1,2";
				TEST_TARGET_NAME = "Light Star";
			};
			name = Debug;
		};
		465BF9652C7B9A90000BBCA1 /* Release */ = {
			isa = XCBuildConfiguration;
			buildSettings = {
				CODE_SIGN_STYLE = Automatic;
				CURRENT_PROJECT_VERSION = 1;
				DEVELOPMENT_TEAM = 4UZK2DCNHA;
				GENERATE_INFOPLIST_FILE = YES;
				MARKETING_VERSION = 1.0;
				PRODUCT_BUNDLE_IDENTIFIER = "OCloudLabs.Light-StarUITests";
				PRODUCT_NAME = "$(TARGET_NAME)";
				SWIFT_EMIT_LOC_STRINGS = NO;
				SWIFT_VERSION = 5.0;
				TARGETED_DEVICE_FAMILY = "1,2";
				TEST_TARGET_NAME = "Light Star";
			};
			name = Release;
		};
/* End XCBuildConfiguration section */

/* Begin XCConfigurationList section */
		465BF9342C7B9A8E000BBCA1 /* Build configuration list for PBXProject "Light Star" */ = {
			isa = XCConfigurationList;
			buildConfigurations = (
				465BF95B2C7B9A90000BBCA1 /* Debug */,
				465BF95C2C7B9A90000BBCA1 /* Release */,
			);
			defaultConfigurationIsVisible = 0;
			defaultConfigurationName = Release;
		};
		465BF95D2C7B9A90000BBCA1 /* Build configuration list for PBXNativeTarget "Light Star" */ = {
			isa = XCConfigurationList;
			buildConfigurations = (
				465BF95E2C7B9A90000BBCA1 /* Debug */,
				465BF95F2C7B9A90000BBCA1 /* Release */,
			);
			defaultConfigurationIsVisible = 0;
			defaultConfigurationName = Release;
		};
		465BF9602C7B9A90000BBCA1 /* Build configuration list for PBXNativeTarget "Light StarTests" */ = {
			isa = XCConfigurationList;
			buildConfigurations = (
				465BF9612C7B9A90000BBCA1 /* Debug */,
				465BF9622C7B9A90000BBCA1 /* Release */,
			);
			defaultConfigurationIsVisible = 0;
			defaultConfigurationName = Release;
		};
		465BF9632C7B9A90000BBCA1 /* Build configuration list for PBXNativeTarget "Light StarUITests" */ = {
			isa = XCConfigurationList;
			buildConfigurations = (
				465BF9642C7B9A90000BBCA1 /* Debug */,
				465BF9652C7B9A90000BBCA1 /* Release */,
			);
			defaultConfigurationIsVisible = 0;
			defaultConfigurationName = Release;
		};
/* End XCConfigurationList section */
	};
	rootObject = 465BF9312C7B9A8E000BBCA1 /* Project object */;
}
